// !$*UTF8*$!
{
	archiveVersion = 1;
	classes = {
	};
	objectVersion = 56;
	objects = {

/* Begin PBXBuildFile section */
		9CA52A662BE4BE6E00E8E23C /* PlacesOfInterest.swift in Sources */ = {isa = PBXBuildFile; fileRef = 9CA52A652BE4BE6E00E8E23C /* PlacesOfInterest.swift */; };
		9CBE3B212BE431D9004D1FF8 /* MyWeatherAppApp.swift in Sources */ = {isa = PBXBuildFile; fileRef = 9CBE3B202BE431D9004D1FF8 /* MyWeatherAppApp.swift */; };
		9CBE3B232BE431D9004D1FF8 /* ContentView.swift in Sources */ = {isa = PBXBuildFile; fileRef = 9CBE3B222BE431D9004D1FF8 /* ContentView.swift */; };
		9CBE3B252BE431DB004D1FF8 /* Assets.xcassets in Resources */ = {isa = PBXBuildFile; fileRef = 9CBE3B242BE431DB004D1FF8 /* Assets.xcassets */; };
		9CBE3B282BE431DB004D1FF8 /* Preview Assets.xcassets in Resources */ = {isa = PBXBuildFile; fileRef = 9CBE3B272BE431DB004D1FF8 /* Preview Assets.xcassets */; };
		9CBE3B302BE43216004D1FF8 /* Alamofire in Frameworks */ = {isa = PBXBuildFile; productRef = 9CBE3B2F2BE43216004D1FF8 /* Alamofire */; };
		9CBE3B322BE43216004D1FF8 /* AlamofireDynamic in Frameworks */ = {isa = PBXBuildFile; productRef = 9CBE3B312BE43216004D1FF8 /* AlamofireDynamic */; };
		9CBE3B352BE432B7004D1FF8 /* WeatherEmoji.swift in Sources */ = {isa = PBXBuildFile; fileRef = 9CBE3B342BE432B7004D1FF8 /* WeatherEmoji.swift */; };
		9CBE3B372BE432E8004D1FF8 /* BackgroundColor.swift in Sources */ = {isa = PBXBuildFile; fileRef = 9CBE3B362BE432E8004D1FF8 /* BackgroundColor.swift */; };
		9CBE3B3B2BE4334F004D1FF8 /* Models.swift in Sources */ = {isa = PBXBuildFile; fileRef = 9CBE3B3A2BE4334F004D1FF8 /* Models.swift */; };
		9CBE3B3F2BE43A99004D1FF8 /* DateAndTime.swift in Sources */ = {isa = PBXBuildFile; fileRef = 9CBE3B3E2BE43A99004D1FF8 /* DateAndTime.swift */; };
/* End PBXBuildFile section */

/* Begin PBXFileReference section */
		9CA52A652BE4BE6E00E8E23C /* PlacesOfInterest.swift */ = {isa = PBXFileReference; lastKnownFileType = sourcecode.swift; path = PlacesOfInterest.swift; sourceTree = "<group>"; };
		9CBE3B1D2BE431D9004D1FF8 /* MyWeatherApp.app */ = {isa = PBXFileReference; explicitFileType = wrapper.application; includeInIndex = 0; path = MyWeatherApp.app; sourceTree = BUILT_PRODUCTS_DIR; };
		9CBE3B202BE431D9004D1FF8 /* MyWeatherAppApp.swift */ = {isa = PBXFileReference; lastKnownFileType = sourcecode.swift; path = MyWeatherAppApp.swift; sourceTree = "<group>"; };
		9CBE3B222BE431D9004D1FF8 /* ContentView.swift */ = {isa = PBXFileReference; lastKnownFileType = sourcecode.swift; path = ContentView.swift; sourceTree = "<group>"; };
		9CBE3B242BE431DB004D1FF8 /* Assets.xcassets */ = {isa = PBXFileReference; lastKnownFileType = folder.assetcatalog; path = Assets.xcassets; sourceTree = "<group>"; };
		9CBE3B272BE431DB004D1FF8 /* Preview Assets.xcassets */ = {isa = PBXFileReference; lastKnownFileType = folder.assetcatalog; path = "Preview Assets.xcassets"; sourceTree = "<group>"; };
		9CBE3B332BE43254004D1FF8 /* Info.plist */ = {isa = PBXFileReference; lastKnownFileType = text.plist; path = Info.plist; sourceTree = "<group>"; };
		9CBE3B342BE432B7004D1FF8 /* WeatherEmoji.swift */ = {isa = PBXFileReference; lastKnownFileType = sourcecode.swift; path = WeatherEmoji.swift; sourceTree = "<group>"; };
		9CBE3B362BE432E8004D1FF8 /* BackgroundColor.swift */ = {isa = PBXFileReference; lastKnownFileType = sourcecode.swift; path = BackgroundColor.swift; sourceTree = "<group>"; };
		9CBE3B3A2BE4334F004D1FF8 /* Models.swift */ = {isa = PBXFileReference; lastKnownFileType = sourcecode.swift; path = Models.swift; sourceTree = "<group>"; };
		9CBE3B3E2BE43A99004D1FF8 /* DateAndTime.swift */ = {isa = PBXFileReference; lastKnownFileType = sourcecode.swift; path = DateAndTime.swift; sourceTree = "<group>"; };
/* End PBXFileReference section */

/* Begin PBXFrameworksBuildPhase section */
		9CBE3B1A2BE431D9004D1FF8 /* Frameworks */ = {
			isa = PBXFrameworksBuildPhase;
			buildActionMask = 2147483647;
			files = (
				9CBE3B302BE43216004D1FF8 /* Alamofire in Frameworks */,
				9CBE3B322BE43216004D1FF8 /* AlamofireDynamic in Frameworks */,
			);
			runOnlyForDeploymentPostprocessing = 0;
		};
/* End PBXFrameworksBuildPhase section */

/* Begin PBXGroup section */
		9CA52A622BE4AF1B00E8E23C /* Models */ = {
			isa = PBXGroup;
			children = (
				9CBE3B3A2BE4334F004D1FF8 /* Models.swift */,
			);
			path = Models;
			sourceTree = "<group>";
		};
		9CA52A632BE4AF3D00E8E23C /* Views */ = {
			isa = PBXGroup;
			children = (
				9CBE3B222BE431D9004D1FF8 /* ContentView.swift */,
				9CA52A652BE4BE6E00E8E23C /* PlacesOfInterest.swift */,
			);
			path = Views;
			sourceTree = "<group>";
		};
		9CA52A642BE4AF5F00E8E23C /* Functions */ = {
			isa = PBXGroup;
			children = (
				9CBE3B3E2BE43A99004D1FF8 /* DateAndTime.swift */,
				9CBE3B362BE432E8004D1FF8 /* BackgroundColor.swift */,
				9CBE3B342BE432B7004D1FF8 /* WeatherEmoji.swift */,
			);
			path = Functions;
			sourceTree = "<group>";
		};
		9CBE3B142BE431D8004D1FF8 = {
			isa = PBXGroup;
			children = (
				9CBE3B1F2BE431D9004D1FF8 /* MyWeatherApp */,
				9CBE3B1E2BE431D9004D1FF8 /* Products */,
			);
			sourceTree = "<group>";
		};
		9CBE3B1E2BE431D9004D1FF8 /* Products */ = {
			isa = PBXGroup;
			children = (
				9CBE3B1D2BE431D9004D1FF8 /* MyWeatherApp.app */,
			);
			name = Products;
			sourceTree = "<group>";
		};
		9CBE3B1F2BE431D9004D1FF8 /* MyWeatherApp */ = {
			isa = PBXGroup;
			children = (
				9CA52A642BE4AF5F00E8E23C /* Functions */,
				9CA52A632BE4AF3D00E8E23C /* Views */,
				9CA52A622BE4AF1B00E8E23C /* Models */,
				9CBE3B202BE431D9004D1FF8 /* MyWeatherAppApp.swift */,
				9CBE3B242BE431DB004D1FF8 /* Assets.xcassets */,
				9CBE3B332BE43254004D1FF8 /* Info.plist */,
				9CBE3B262BE431DB004D1FF8 /* Preview Content */,
			);
			path = MyWeatherApp;
			sourceTree = "<group>";
		};
		9CBE3B262BE431DB004D1FF8 /* Preview Content */ = {
			isa = PBXGroup;
			children = (
				9CBE3B272BE431DB004D1FF8 /* Preview Assets.xcassets */,
			);
			path = "Preview Content";
			sourceTree = "<group>";
		};
/* End PBXGroup section */

/* Begin PBXNativeTarget section */
		9CBE3B1C2BE431D9004D1FF8 /* MyWeatherApp */ = {
			isa = PBXNativeTarget;
			buildConfigurationList = 9CBE3B2B2BE431DB004D1FF8 /* Build configuration list for PBXNativeTarget "MyWeatherApp" */;
			buildPhases = (
				9CBE3B192BE431D9004D1FF8 /* Sources */,
				9CBE3B1A2BE431D9004D1FF8 /* Frameworks */,
				9CBE3B1B2BE431D9004D1FF8 /* Resources */,
			);
			buildRules = (
			);
			dependencies = (
			);
			name = MyWeatherApp;
			packageProductDependencies = (
				9CBE3B2F2BE43216004D1FF8 /* Alamofire */,
				9CBE3B312BE43216004D1FF8 /* AlamofireDynamic */,
			);
			productName = MyWeatherApp;
			productReference = 9CBE3B1D2BE431D9004D1FF8 /* MyWeatherApp.app */;
			productType = "com.apple.product-type.application";
		};
/* End PBXNativeTarget section */

/* Begin PBXProject section */
		9CBE3B152BE431D8004D1FF8 /* Project object */ = {
			isa = PBXProject;
			attributes = {
				BuildIndependentTargetsInParallel = 1;
				LastSwiftUpdateCheck = 1500;
				LastUpgradeCheck = 1500;
				TargetAttributes = {
					9CBE3B1C2BE431D9004D1FF8 = {
						CreatedOnToolsVersion = 15.0;
					};
				};
			};
			buildConfigurationList = 9CBE3B182BE431D8004D1FF8 /* Build configuration list for PBXProject "MyWeatherApp" */;
			compatibilityVersion = "Xcode 14.0";
			developmentRegion = en;
			hasScannedForEncodings = 0;
			knownRegions = (
				en,
				Base,
			);
			mainGroup = 9CBE3B142BE431D8004D1FF8;
			packageReferences = (
				9CBE3B2E2BE43216004D1FF8 /* XCRemoteSwiftPackageReference "Alamofire" */,
			);
			productRefGroup = 9CBE3B1E2BE431D9004D1FF8 /* Products */;
			projectDirPath = "";
			projectRoot = "";
			targets = (
				9CBE3B1C2BE431D9004D1FF8 /* MyWeatherApp */,
			);
		};
/* End PBXProject section */

/* Begin PBXResourcesBuildPhase section */
		9CBE3B1B2BE431D9004D1FF8 /* Resources */ = {
			isa = PBXResourcesBuildPhase;
			buildActionMask = 2147483647;
			files = (
				9CBE3B282BE431DB004D1FF8 /* Preview Assets.xcassets in Resources */,
				9CBE3B252BE431DB004D1FF8 /* Assets.xcassets in Resources */,
			);
			runOnlyForDeploymentPostprocessing = 0;
		};
/* End PBXResourcesBuildPhase section */

/* Begin PBXSourcesBuildPhase section */
		9CBE3B192BE431D9004D1FF8 /* Sources */ = {
			isa = PBXSourcesBuildPhase;
			buildActionMask = 2147483647;
			files = (
				9CBE3B3F2BE43A99004D1FF8 /* DateAndTime.swift in Sources */,
				9CBE3B232BE431D9004D1FF8 /* ContentView.swift in Sources */,
				9CBE3B212BE431D9004D1FF8 /* MyWeatherAppApp.swift in Sources */,
				9CBE3B3B2BE4334F004D1FF8 /* Models.swift in Sources */,
				9CBE3B352BE432B7004D1FF8 /* WeatherEmoji.swift in Sources */,
				9CBE3B372BE432E8004D1FF8 /* BackgroundColor.swift in Sources */,
				9CA52A662BE4BE6E00E8E23C /* PlacesOfInterest.swift in Sources */,
			);
			runOnlyForDeploymentPostprocessing = 0;
		};
/* End PBXSourcesBuildPhase section */

/* Begin XCBuildConfiguration section */
		9CBE3B292BE431DB004D1FF8 /* Debug */ = {
			isa = XCBuildConfiguration;
			buildSettings = {
				ALWAYS_SEARCH_USER_PATHS = NO;
				ASSETCATALOG_COMPILER_GENERATE_SWIFT_ASSET_SYMBOL_EXTENSIONS = YES;
				CLANG_ANALYZER_NONNULL = YES;
				CLANG_ANALYZER_NUMBER_OBJECT_CONVERSION = YES_AGGRESSIVE;
				CLANG_CXX_LANGUAGE_STANDARD = "gnu++20";
				CLANG_ENABLE_MODULES = YES;
				CLANG_ENABLE_OBJC_ARC = YES;
				CLANG_ENABLE_OBJC_WEAK = YES;
				CLANG_WARN_BLOCK_CAPTURE_AUTORELEASING = YES;
				CLANG_WARN_BOOL_CONVERSION = YES;
				CLANG_WARN_COMMA = YES;
				CLANG_WARN_CONSTANT_CONVERSION = YES;
				CLANG_WARN_DEPRECATED_OBJC_IMPLEMENTATIONS = YES;
				CLANG_WARN_DIRECT_OBJC_ISA_USAGE = YES_ERROR;
				CLANG_WARN_DOCUMENTATION_COMMENTS = YES;
				CLANG_WARN_EMPTY_BODY = YES;
				CLANG_WARN_ENUM_CONVERSION = YES;
				CLANG_WARN_INFINITE_RECURSION = YES;
				CLANG_WARN_INT_CONVERSION = YES;
				CLANG_WARN_NON_LITERAL_NULL_CONVERSION = YES;
				CLANG_WARN_OBJC_IMPLICIT_RETAIN_SELF = YES;
				CLANG_WARN_OBJC_LITERAL_CONVERSION = YES;
				CLANG_WARN_OBJC_ROOT_CLASS = YES_ERROR;
				CLANG_WARN_QUOTED_INCLUDE_IN_FRAMEWORK_HEADER = YES;
				CLANG_WARN_RANGE_LOOP_ANALYSIS = YES;
				CLANG_WARN_STRICT_PROTOTYPES = YES;
				CLANG_WARN_SUSPICIOUS_MOVE = YES;
				CLANG_WARN_UNGUARDED_AVAILABILITY = YES_AGGRESSIVE;
				CLANG_WARN_UNREACHABLE_CODE = YES;
				CLANG_WARN__DUPLICATE_METHOD_MATCH = YES;
				COPY_PHASE_STRIP = NO;
				DEBUG_INFORMATION_FORMAT = dwarf;
				ENABLE_STRICT_OBJC_MSGSEND = YES;
				ENABLE_TESTABILITY = YES;
				ENABLE_USER_SCRIPT_SANDBOXING = YES;
				GCC_C_LANGUAGE_STANDARD = gnu17;
				GCC_DYNAMIC_NO_PIC = NO;
				GCC_NO_COMMON_BLOCKS = YES;
				GCC_OPTIMIZATION_LEVEL = 0;
				GCC_PREPROCESSOR_DEFINITIONS = (
					"DEBUG=1",
					"$(inherited)",
				);
				GCC_WARN_64_TO_32_BIT_CONVERSION = YES;
				GCC_WARN_ABOUT_RETURN_TYPE = YES_ERROR;
				GCC_WARN_UNDECLARED_SELECTOR = YES;
				GCC_WARN_UNINITIALIZED_AUTOS = YES_AGGRESSIVE;
				GCC_WARN_UNUSED_FUNCTION = YES;
				GCC_WARN_UNUSED_VARIABLE = YES;
				IPHONEOS_DEPLOYMENT_TARGET = 17.0;
				LOCALIZATION_PREFERS_STRING_CATALOGS = YES;
				MTL_ENABLE_DEBUG_INFO = INCLUDE_SOURCE;
				MTL_FAST_MATH = YES;
				ONLY_ACTIVE_ARCH = YES;
				SDKROOT = iphoneos;
				SWIFT_ACTIVE_COMPILATION_CONDITIONS = "DEBUG $(inherited)";
				SWIFT_OPTIMIZATION_LEVEL = "-Onone";
			};
			name = Debug;
		};
		9CBE3B2A2BE431DB004D1FF8 /* Release */ = {
			isa = XCBuildConfiguration;
			buildSettings = {
				ALWAYS_SEARCH_USER_PATHS = NO;
				ASSETCATALOG_COMPILER_GENERATE_SWIFT_ASSET_SYMBOL_EXTENSIONS = YES;
				CLANG_ANALYZER_NONNULL = YES;
				CLANG_ANALYZER_NUMBER_OBJECT_CONVERSION = YES_AGGRESSIVE;
				CLANG_CXX_LANGUAGE_STANDARD = "gnu++20";
				CLANG_ENABLE_MODULES = YES;
				CLANG_ENABLE_OBJC_ARC = YES;
				CLANG_ENABLE_OBJC_WEAK = YES;
				CLANG_WARN_BLOCK_CAPTURE_AUTORELEASING = YES;
				CLANG_WARN_BOOL_CONVERSION = YES;
				CLANG_WARN_COMMA = YES;
				CLANG_WARN_CONSTANT_CONVERSION = YES;
				CLANG_WARN_DEPRECATED_OBJC_IMPLEMENTATIONS = YES;
				CLANG_WARN_DIRECT_OBJC_ISA_USAGE = YES_ERROR;
				CLANG_WARN_DOCUMENTATION_COMMENTS = YES;
				CLANG_WARN_EMPTY_BODY = YES;
				CLANG_WARN_ENUM_CONVERSION = YES;
				CLANG_WARN_INFINITE_RECURSION = YES;
				CLANG_WARN_INT_CONVERSION = YES;
				CLANG_WARN_NON_LITERAL_NULL_CONVERSION = YES;
				CLANG_WARN_OBJC_IMPLICIT_RETAIN_SELF = YES;
				CLANG_WARN_OBJC_LITERAL_CONVERSION = YES;
				CLANG_WARN_OBJC_ROOT_CLASS = YES_ERROR;
				CLANG_WARN_QUOTED_INCLUDE_IN_FRAMEWORK_HEADER = YES;
				CLANG_WARN_RANGE_LOOP_ANALYSIS = YES;
				CLANG_WARN_STRICT_PROTOTYPES = YES;
				CLANG_WARN_SUSPICIOUS_MOVE = YES;
				CLANG_WARN_UNGUARDED_AVAILABILITY = YES_AGGRESSIVE;
				CLANG_WARN_UNREACHABLE_CODE = YES;
				CLANG_WARN__DUPLICATE_METHOD_MATCH = YES;
				COPY_PHASE_STRIP = NO;
				DEBUG_INFORMATION_FORMAT = "dwarf-with-dsym";
				ENABLE_NS_ASSERTIONS = NO;
				ENABLE_STRICT_OBJC_MSGSEND = YES;
				ENABLE_USER_SCRIPT_SANDBOXING = YES;
				GCC_C_LANGUAGE_STANDARD = gnu17;
				GCC_NO_COMMON_BLOCKS = YES;
				GCC_WARN_64_TO_32_BIT_CONVERSION = YES;
				GCC_WARN_ABOUT_RETURN_TYPE = YES_ERROR;
				GCC_WARN_UNDECLARED_SELECTOR = YES;
				GCC_WARN_UNINITIALIZED_AUTOS = YES_AGGRESSIVE;
				GCC_WARN_UNUSED_FUNCTION = YES;
				GCC_WARN_UNUSED_VARIABLE = YES;
				IPHONEOS_DEPLOYMENT_TARGET = 17.0;
				LOCALIZATION_PREFERS_STRING_CATALOGS = YES;
				MTL_ENABLE_DEBUG_INFO = NO;
				MTL_FAST_MATH = YES;
				SDKROOT = iphoneos;
				SWIFT_COMPILATION_MODE = wholemodule;
				VALIDATE_PRODUCT = YES;
			};
			name = Release;
		};
		9CBE3B2C2BE431DB004D1FF8 /* Debug */ = {
			isa = XCBuildConfiguration;
			buildSettings = {
				ASSETCATALOG_COMPILER_APPICON_NAME = AppIcon;
				ASSETCATALOG_COMPILER_GLOBAL_ACCENT_COLOR_NAME = AccentColor;
				CODE_SIGN_STYLE = Automatic;
				CURRENT_PROJECT_VERSION = 1;
				DEVELOPMENT_ASSET_PATHS = "\"MyWeatherApp/Preview Content\"";
				DEVELOPMENT_TEAM = W2U9XFG7BD;
				ENABLE_PREVIEWS = YES;
				GENERATE_INFOPLIST_FILE = YES;
				INFOPLIST_FILE = MyWeatherApp/Info.plist;
				INFOPLIST_KEY_UIApplicationSceneManifest_Generation = YES;
				INFOPLIST_KEY_UIApplicationSupportsIndirectInputEvents = YES;
				INFOPLIST_KEY_UILaunchScreen_Generation = YES;
				INFOPLIST_KEY_UISupportedInterfaceOrientations_iPad = "UIInterfaceOrientationPortrait UIInterfaceOrientationPortraitUpsideDown UIInterfaceOrientationLandscapeLeft UIInterfaceOrientationLandscapeRight";
				INFOPLIST_KEY_UISupportedInterfaceOrientations_iPhone = "UIInterfaceOrientationPortrait UIInterfaceOrientationLandscapeLeft UIInterfaceOrientationLandscapeRight";
				LD_RUNPATH_SEARCH_PATHS = (
					"$(inherited)",
					"@executable_path/Frameworks",
				);
				MARKETING_VERSION = 1.0;
				PRODUCT_BUNDLE_IDENTIFIER = Home.MyWeatherApp;
				PRODUCT_NAME = "$(TARGET_NAME)";
				SWIFT_EMIT_LOC_STRINGS = YES;
				SWIFT_VERSION = 5.0;
				TARGETED_DEVICE_FAMILY = "1,2";
			};
			name = Debug;
		};
		9CBE3B2D2BE431DB004D1FF8 /* Release */ = {
			isa = XCBuildConfiguration;
			buildSettings = {
				ASSETCATALOG_COMPILER_APPICON_NAME = AppIcon;
				ASSETCATALOG_COMPILER_GLOBAL_ACCENT_COLOR_NAME = AccentColor;
				CODE_SIGN_STYLE = Automatic;
				CURRENT_PROJECT_VERSION = 1;
				DEVELOPMENT_ASSET_PATHS = "\"MyWeatherApp/Preview Content\"";
				DEVELOPMENT_TEAM = W2U9XFG7BD;
				ENABLE_PREVIEWS = YES;
				GENERATE_INFOPLIST_FILE = YES;
				INFOPLIST_FILE = MyWeatherApp/Info.plist;
				INFOPLIST_KEY_UIApplicationSceneManifest_Generation = YES;
				INFOPLIST_KEY_UIApplicationSupportsIndirectInputEvents = YES;
				INFOPLIST_KEY_UILaunchScreen_Generation = YES;
				INFOPLIST_KEY_UISupportedInterfaceOrientations_iPad = "UIInterfaceOrientationPortrait UIInterfaceOrientationPortraitUpsideDown UIInterfaceOrientationLandscapeLeft UIInterfaceOrientationLandscapeRight";
				INFOPLIST_KEY_UISupportedInterfaceOrientations_iPhone = "UIInterfaceOrientationPortrait UIInterfaceOrientationLandscapeLeft UIInterfaceOrientationLandscapeRight";
				LD_RUNPATH_SEARCH_PATHS = (
					"$(inherited)",
					"@executable_path/Frameworks",
				);
				MARKETING_VERSION = 1.0;
				PRODUCT_BUNDLE_IDENTIFIER = Home.MyWeatherApp;
				PRODUCT_NAME = "$(TARGET_NAME)";
				SWIFT_EMIT_LOC_STRINGS = YES;
				SWIFT_VERSION = 5.0;
				TARGETED_DEVICE_FAMILY = "1,2";
			};
			name = Release;
		};
/* End XCBuildConfiguration section */

/* Begin XCConfigurationList section */
		9CBE3B182BE431D8004D1FF8 /* Build configuration list for PBXProject "MyWeatherApp" */ = {
			isa = XCConfigurationList;
			buildConfigurations = (
				9CBE3B292BE431DB004D1FF8 /* Debug */,
				9CBE3B2A2BE431DB004D1FF8 /* Release */,
			);
			defaultConfigurationIsVisible = 0;
			defaultConfigurationName = Release;
		};
		9CBE3B2B2BE431DB004D1FF8 /* Build configuration list for PBXNativeTarget "MyWeatherApp" */ = {
			isa = XCConfigurationList;
			buildConfigurations = (
				9CBE3B2C2BE431DB004D1FF8 /* Debug */,
				9CBE3B2D2BE431DB004D1FF8 /* Release */,
			);
			defaultConfigurationIsVisible = 0;
			defaultConfigurationName = Release;
		};
/* End XCConfigurationList section */

/* Begin XCRemoteSwiftPackageReference section */
		9CBE3B2E2BE43216004D1FF8 /* XCRemoteSwiftPackageReference "Alamofire" */ = {
			isa = XCRemoteSwiftPackageReference;
			repositoryURL = "https://github.com/Alamofire/Alamofire.git";
			requirement = {
				kind = upToNextMajorVersion;
				minimumVersion = 5.9.0;
			};
		};
/* End XCRemoteSwiftPackageReference section */

/* Begin XCSwiftPackageProductDependency section */
		9CBE3B2F2BE43216004D1FF8 /* Alamofire */ = {
			isa = XCSwiftPackageProductDependency;
			package = 9CBE3B2E2BE43216004D1FF8 /* XCRemoteSwiftPackageReference "Alamofire" */;
			productName = Alamofire;
		};
		9CBE3B312BE43216004D1FF8 /* AlamofireDynamic */ = {
			isa = XCSwiftPackageProductDependency;
			package = 9CBE3B2E2BE43216004D1FF8 /* XCRemoteSwiftPackageReference "Alamofire" */;
			productName = AlamofireDynamic;
		};
/* End XCSwiftPackageProductDependency section */
	};
	rootObject = 9CBE3B152BE431D8004D1FF8 /* Project object */;
}
